// !$*UTF8*$!
{
	archiveVersion = 1;
	classes = {
	};
	objectVersion = 55;
	objects = {

/* Begin PBXBuildFile section */
		00F87D1F2889B113007EECDE /* AppDelegate.swift in Sources */ = {isa = PBXBuildFile; fileRef = 00F87D1E2889B113007EECDE /* AppDelegate.swift */; };
		00F87D212889B113007EECDE /* SceneDelegate.swift in Sources */ = {isa = PBXBuildFile; fileRef = 00F87D202889B113007EECDE /* SceneDelegate.swift */; };
		00F87D262889B113007EECDE /* Main.storyboard in Resources */ = {isa = PBXBuildFile; fileRef = 00F87D242889B113007EECDE /* Main.storyboard */; };
		00F87D282889B114007EECDE /* Assets.xcassets in Resources */ = {isa = PBXBuildFile; fileRef = 00F87D272889B114007EECDE /* Assets.xcassets */; };
		00F87D2B2889B114007EECDE /* LaunchScreen.storyboard in Resources */ = {isa = PBXBuildFile; fileRef = 00F87D292889B114007EECDE /* LaunchScreen.storyboard */; };
		00F87D332889B155007EECDE /* WeatherViewController.swift in Sources */ = {isa = PBXBuildFile; fileRef = 00F87D322889B155007EECDE /* WeatherViewController.swift */; };
		00F87D352889BFE7007EECDE /* DetailsViewController.swift in Sources */ = {isa = PBXBuildFile; fileRef = 00F87D342889BFE7007EECDE /* DetailsViewController.swift */; };
		00F87D3C2889C2DA007EECDE /* WeatherModel.swift in Sources */ = {isa = PBXBuildFile; fileRef = 00F87D3B2889C2DA007EECDE /* WeatherModel.swift */; };
		00F87D3E2889CBBC007EECDE /* NetworkManager.swift in Sources */ = {isa = PBXBuildFile; fileRef = 00F87D3D2889CBBC007EECDE /* NetworkManager.swift */; };
		00F87D402889CE51007EECDE /* Weather.swift in Sources */ = {isa = PBXBuildFile; fileRef = 00F87D3F2889CE51007EECDE /* Weather.swift */; };
		00F87D422889D759007EECDE /* GetCitiesWeather.swift in Sources */ = {isa = PBXBuildFile; fileRef = 00F87D412889D759007EECDE /* GetCitiesWeather.swift */; };
		00F87D442889DBCE007EECDE /* ListCell.swift in Sources */ = {isa = PBXBuildFile; fileRef = 00F87D432889DBCE007EECDE /* ListCell.swift */; };
		00F87D472889E0DF007EECDE /* SwiftSVG in Frameworks */ = {isa = PBXBuildFile; productRef = 00F87D462889E0DF007EECDE /* SwiftSVG */; };
		00FB31E22889F2C9003AA564 /* AddCity.swift in Sources */ = {isa = PBXBuildFile; fileRef = 00FB31E12889F2C9003AA564 /* AddCity.swift */; };
/* End PBXBuildFile section */

/* Begin PBXFileReference section */
		00F87D1B2889B113007EECDE /* WeatherYandexAppTestForJob.app */ = {isa = PBXFileReference; explicitFileType = wrapper.application; includeInIndex = 0; path = WeatherYandexAppTestForJob.app; sourceTree = BUILT_PRODUCTS_DIR; };
		00F87D1E2889B113007EECDE /* AppDelegate.swift */ = {isa = PBXFileReference; lastKnownFileType = sourcecode.swift; path = AppDelegate.swift; sourceTree = "<group>"; };
		00F87D202889B113007EECDE /* SceneDelegate.swift */ = {isa = PBXFileReference; lastKnownFileType = sourcecode.swift; path = SceneDelegate.swift; sourceTree = "<group>"; };
		00F87D252889B113007EECDE /* Base */ = {isa = PBXFileReference; lastKnownFileType = file.storyboard; name = Base; path = Base.lproj/Main.storyboard; sourceTree = "<group>"; };
		00F87D272889B114007EECDE /* Assets.xcassets */ = {isa = PBXFileReference; lastKnownFileType = folder.assetcatalog; path = Assets.xcassets; sourceTree = "<group>"; };
		00F87D2A2889B114007EECDE /* Base */ = {isa = PBXFileReference; lastKnownFileType = file.storyboard; name = Base; path = Base.lproj/LaunchScreen.storyboard; sourceTree = "<group>"; };
		00F87D2C2889B114007EECDE /* Info.plist */ = {isa = PBXFileReference; lastKnownFileType = text.plist.xml; path = Info.plist; sourceTree = "<group>"; };
		00F87D322889B155007EECDE /* WeatherViewController.swift */ = {isa = PBXFileReference; lastKnownFileType = sourcecode.swift; path = WeatherViewController.swift; sourceTree = "<group>"; };
		00F87D342889BFE7007EECDE /* DetailsViewController.swift */ = {isa = PBXFileReference; lastKnownFileType = sourcecode.swift; path = DetailsViewController.swift; sourceTree = "<group>"; };
		00F87D3B2889C2DA007EECDE /* WeatherModel.swift */ = {isa = PBXFileReference; lastKnownFileType = sourcecode.swift; path = WeatherModel.swift; sourceTree = "<group>"; };
		00F87D3D2889CBBC007EECDE /* NetworkManager.swift */ = {isa = PBXFileReference; lastKnownFileType = sourcecode.swift; path = NetworkManager.swift; sourceTree = "<group>"; };
		00F87D3F2889CE51007EECDE /* Weather.swift */ = {isa = PBXFileReference; lastKnownFileType = sourcecode.swift; path = Weather.swift; sourceTree = "<group>"; };
		00F87D412889D759007EECDE /* GetCitiesWeather.swift */ = {isa = PBXFileReference; lastKnownFileType = sourcecode.swift; path = GetCitiesWeather.swift; sourceTree = "<group>"; };
		00F87D432889DBCE007EECDE /* ListCell.swift */ = {isa = PBXFileReference; lastKnownFileType = sourcecode.swift; path = ListCell.swift; sourceTree = "<group>"; };
		00FB31E12889F2C9003AA564 /* AddCity.swift */ = {isa = PBXFileReference; lastKnownFileType = sourcecode.swift; path = AddCity.swift; sourceTree = "<group>"; };
/* End PBXFileReference section */

/* Begin PBXFrameworksBuildPhase section */
		00F87D182889B113007EECDE /* Frameworks */ = {
			isa = PBXFrameworksBuildPhase;
			buildActionMask = 2147483647;
			files = (
				00F87D472889E0DF007EECDE /* SwiftSVG in Frameworks */,
			);
			runOnlyForDeploymentPostprocessing = 0;
		};
/* End PBXFrameworksBuildPhase section */

/* Begin PBXGroup section */
		00F87D122889B113007EECDE = {
			isa = PBXGroup;
			children = (
				00F87D1D2889B113007EECDE /* WeatherYandexAppTestForJob */,
				00F87D1C2889B113007EECDE /* Products */,
			);
			sourceTree = "<group>";
		};
		00F87D1C2889B113007EECDE /* Products */ = {
			isa = PBXGroup;
			children = (
				00F87D1B2889B113007EECDE /* WeatherYandexAppTestForJob.app */,
			);
			name = Products;
			sourceTree = "<group>";
		};
		00F87D1D2889B113007EECDE /* WeatherYandexAppTestForJob */ = {
			isa = PBXGroup;
			children = (
				00F87D3A2889C2CC007EECDE /* NetworkManager */,
				00F87D372889C1D8007EECDE /* Model */,
				00F87D362889C1CC007EECDE /* Controllers */,
				00F87D382889C1E8007EECDE /* View */,
				00F87D392889C263007EECDE /* Supporting fiels */,
				00F87D272889B114007EECDE /* Assets.xcassets */,
			);
			path = WeatherYandexAppTestForJob;
			sourceTree = "<group>";
		};
		00F87D362889C1CC007EECDE /* Controllers */ = {
			isa = PBXGroup;
			children = (
				00F87D342889BFE7007EECDE /* DetailsViewController.swift */,
				00F87D322889B155007EECDE /* WeatherViewController.swift */,
			);
			path = Controllers;
			sourceTree = "<group>";
		};
		00F87D372889C1D8007EECDE /* Model */ = {
			isa = PBXGroup;
			children = (
				00F87D3B2889C2DA007EECDE /* WeatherModel.swift */,
				00F87D3F2889CE51007EECDE /* Weather.swift */,
				00F87D412889D759007EECDE /* GetCitiesWeather.swift */,
				00F87D432889DBCE007EECDE /* ListCell.swift */,
				00FB31E12889F2C9003AA564 /* AddCity.swift */,
			);
			path = Model;
			sourceTree = "<group>";
		};
		00F87D382889C1E8007EECDE /* View */ = {
			isa = PBXGroup;
			children = (
				00F87D242889B113007EECDE /* Main.storyboard */,
				00F87D292889B114007EECDE /* LaunchScreen.storyboard */,
			);
			path = View;
			sourceTree = "<group>";
		};
		00F87D392889C263007EECDE /* Supporting fiels */ = {
			isa = PBXGroup;
			children = (
				00F87D1E2889B113007EECDE /* AppDelegate.swift */,
				00F87D202889B113007EECDE /* SceneDelegate.swift */,
				00F87D2C2889B114007EECDE /* Info.plist */,
			);
			path = "Supporting fiels";
			sourceTree = "<group>";
		};
		00F87D3A2889C2CC007EECDE /* NetworkManager */ = {
			isa = PBXGroup;
			children = (
				00F87D3D2889CBBC007EECDE /* NetworkManager.swift */,
			);
			path = NetworkManager;
			sourceTree = "<group>";
		};
/* End PBXGroup section */

/* Begin PBXNativeTarget section */
		00F87D1A2889B113007EECDE /* WeatherYandexAppTestForJob */ = {
			isa = PBXNativeTarget;
			buildConfigurationList = 00F87D2F2889B114007EECDE /* Build configuration list for PBXNativeTarget "WeatherYandexAppTestForJob" */;
			buildPhases = (
				00F87D172889B113007EECDE /* Sources */,
				00F87D182889B113007EECDE /* Frameworks */,
				00F87D192889B113007EECDE /* Resources */,
			);
			buildRules = (
			);
			dependencies = (
			);
			name = WeatherYandexAppTestForJob;
			packageProductDependencies = (
				00F87D462889E0DF007EECDE /* SwiftSVG */,
			);
			productName = WeatherYandexAppTestForJob;
			productReference = 00F87D1B2889B113007EECDE /* WeatherYandexAppTestForJob.app */;
			productType = "com.apple.product-type.application";
		};
/* End PBXNativeTarget section */

/* Begin PBXProject section */
		00F87D132889B113007EECDE /* Project object */ = {
			isa = PBXProject;
			attributes = {
				BuildIndependentTargetsInParallel = 1;
				LastSwiftUpdateCheck = 1340;
				LastUpgradeCheck = 1340;
				TargetAttributes = {
					00F87D1A2889B113007EECDE = {
						CreatedOnToolsVersion = 13.4.1;
					};
				};
			};
			buildConfigurationList = 00F87D162889B113007EECDE /* Build configuration list for PBXProject "WeatherYandexAppTestForJob" */;
			compatibilityVersion = "Xcode 13.0";
			developmentRegion = en;
			hasScannedForEncodings = 0;
			knownRegions = (
				en,
				Base,
			);
			mainGroup = 00F87D122889B113007EECDE;
			packageReferences = (
				00F87D452889E0DF007EECDE /* XCRemoteSwiftPackageReference "SwiftSVG" */,
			);
			productRefGroup = 00F87D1C2889B113007EECDE /* Products */;
			projectDirPath = "";
			projectRoot = "";
			targets = (
				00F87D1A2889B113007EECDE /* WeatherYandexAppTestForJob */,
			);
		};
/* End PBXProject section */

/* Begin PBXResourcesBuildPhase section */
		00F87D192889B113007EECDE /* Resources */ = {
			isa = PBXResourcesBuildPhase;
			buildActionMask = 2147483647;
			files = (
				00F87D2B2889B114007EECDE /* LaunchScreen.storyboard in Resources */,
				00F87D282889B114007EECDE /* Assets.xcassets in Resources */,
				00F87D262889B113007EECDE /* Main.storyboard in Resources */,
			);
			runOnlyForDeploymentPostprocessing = 0;
		};
/* End PBXResourcesBuildPhase section */

/* Begin PBXSourcesBuildPhase section */
		00F87D172889B113007EECDE /* Sources */ = {
			isa = PBXSourcesBuildPhase;
			buildActionMask = 2147483647;
			files = (
				00F87D3E2889CBBC007EECDE /* NetworkManager.swift in Sources */,
				00F87D1F2889B113007EECDE /* AppDelegate.swift in Sources */,
				00F87D422889D759007EECDE /* GetCitiesWeather.swift in Sources */,
				00F87D332889B155007EECDE /* WeatherViewController.swift in Sources */,
				00F87D212889B113007EECDE /* SceneDelegate.swift in Sources */,
				00F87D352889BFE7007EECDE /* DetailsViewController.swift in Sources */,
				00FB31E22889F2C9003AA564 /* AddCity.swift in Sources */,
				00F87D442889DBCE007EECDE /* ListCell.swift in Sources */,
				00F87D3C2889C2DA007EECDE /* WeatherModel.swift in Sources */,
				00F87D402889CE51007EECDE /* Weather.swift in Sources */,
			);
			runOnlyForDeploymentPostprocessing = 0;
		};
/* End PBXSourcesBuildPhase section */

/* Begin PBXVariantGroup section */
		00F87D242889B113007EECDE /* Main.storyboard */ = {
			isa = PBXVariantGroup;
			children = (
				00F87D252889B113007EECDE /* Base */,
			);
			name = Main.storyboard;
			sourceTree = "<group>";
		};
		00F87D292889B114007EECDE /* LaunchScreen.storyboard */ = {
			isa = PBXVariantGroup;
			children = (
				00F87D2A2889B114007EECDE /* Base */,
			);
			name = LaunchScreen.storyboard;
			sourceTree = "<group>";
		};
/* End PBXVariantGroup section */

/* Begin XCBuildConfiguration section */
		00F87D2D2889B114007EECDE /* Debug */ = {
			isa = XCBuildConfiguration;
			buildSettings = {
				ALWAYS_SEARCH_USER_PATHS = NO;
				CLANG_ANALYZER_NONNULL = YES;
				CLANG_ANALYZER_NUMBER_OBJECT_CONVERSION = YES_AGGRESSIVE;
				CLANG_CXX_LANGUAGE_STANDARD = "gnu++17";
				CLANG_ENABLE_MODULES = YES;
				CLANG_ENABLE_OBJC_ARC = YES;
				CLANG_ENABLE_OBJC_WEAK = YES;
				CLANG_WARN_BLOCK_CAPTURE_AUTORELEASING = YES;
				CLANG_WARN_BOOL_CONVERSION = YES;
				CLANG_WARN_COMMA = YES;
				CLANG_WARN_CONSTANT_CONVERSION = YES;
				CLANG_WARN_DEPRECATED_OBJC_IMPLEMENTATIONS = YES;
				CLANG_WARN_DIRECT_OBJC_ISA_USAGE = YES_ERROR;
				CLANG_WARN_DOCUMENTATION_COMMENTS = YES;
				CLANG_WARN_EMPTY_BODY = YES;
				CLANG_WARN_ENUM_CONVERSION = YES;
				CLANG_WARN_INFINITE_RECURSION = YES;
				CLANG_WARN_INT_CONVERSION = YES;
				CLANG_WARN_NON_LITERAL_NULL_CONVERSION = YES;
				CLANG_WARN_OBJC_IMPLICIT_RETAIN_SELF = YES;
				CLANG_WARN_OBJC_LITERAL_CONVERSION = YES;
				CLANG_WARN_OBJC_ROOT_CLASS = YES_ERROR;
				CLANG_WARN_QUOTED_INCLUDE_IN_FRAMEWORK_HEADER = YES;
				CLANG_WARN_RANGE_LOOP_ANALYSIS = YES;
				CLANG_WARN_STRICT_PROTOTYPES = YES;
				CLANG_WARN_SUSPICIOUS_MOVE = YES;
				CLANG_WARN_UNGUARDED_AVAILABILITY = YES_AGGRESSIVE;
				CLANG_WARN_UNREACHABLE_CODE = YES;
				CLANG_WARN__DUPLICATE_METHOD_MATCH = YES;
				COPY_PHASE_STRIP = NO;
				DEBUG_INFORMATION_FORMAT = dwarf;
				ENABLE_STRICT_OBJC_MSGSEND = YES;
				ENABLE_TESTABILITY = YES;
				GCC_C_LANGUAGE_STANDARD = gnu11;
				GCC_DYNAMIC_NO_PIC = NO;
				GCC_NO_COMMON_BLOCKS = YES;
				GCC_OPTIMIZATION_LEVEL = 0;
				GCC_PREPROCESSOR_DEFINITIONS = (
					"DEBUG=1",
					"$(inherited)",
				);
				GCC_WARN_64_TO_32_BIT_CONVERSION = YES;
				GCC_WARN_ABOUT_RETURN_TYPE = YES_ERROR;
				GCC_WARN_UNDECLARED_SELECTOR = YES;
				GCC_WARN_UNINITIALIZED_AUTOS = YES_AGGRESSIVE;
				GCC_WARN_UNUSED_FUNCTION = YES;
				GCC_WARN_UNUSED_VARIABLE = YES;
				IPHONEOS_DEPLOYMENT_TARGET = 15.5;
				MTL_ENABLE_DEBUG_INFO = INCLUDE_SOURCE;
				MTL_FAST_MATH = YES;
				ONLY_ACTIVE_ARCH = YES;
				SDKROOT = iphoneos;
				SWIFT_ACTIVE_COMPILATION_CONDITIONS = DEBUG;
				SWIFT_OPTIMIZATION_LEVEL = "-Onone";
			};
			name = Debug;
		};
		00F87D2E2889B114007EECDE /* Release */ = {
			isa = XCBuildConfiguration;
			buildSettings = {
				ALWAYS_SEARCH_USER_PATHS = NO;
				CLANG_ANALYZER_NONNULL = YES;
				CLANG_ANALYZER_NUMBER_OBJECT_CONVERSION = YES_AGGRESSIVE;
				CLANG_CXX_LANGUAGE_STANDARD = "gnu++17";
				CLANG_ENABLE_MODULES = YES;
				CLANG_ENABLE_OBJC_ARC = YES;
				CLANG_ENABLE_OBJC_WEAK = YES;
				CLANG_WARN_BLOCK_CAPTURE_AUTORELEASING = YES;
				CLANG_WARN_BOOL_CONVERSION = YES;
				CLANG_WARN_COMMA = YES;
				CLANG_WARN_CONSTANT_CONVERSION = YES;
				CLANG_WARN_DEPRECATED_OBJC_IMPLEMENTATIONS = YES;
				CLANG_WARN_DIRECT_OBJC_ISA_USAGE = YES_ERROR;
				CLANG_WARN_DOCUMENTATION_COMMENTS = YES;
				CLANG_WARN_EMPTY_BODY = YES;
				CLANG_WARN_ENUM_CONVERSION = YES;
				CLANG_WARN_INFINITE_RECURSION = YES;
				CLANG_WARN_INT_CONVERSION = YES;
				CLANG_WARN_NON_LITERAL_NULL_CONVERSION = YES;
				CLANG_WARN_OBJC_IMPLICIT_RETAIN_SELF = YES;
				CLANG_WARN_OBJC_LITERAL_CONVERSION = YES;
				CLANG_WARN_OBJC_ROOT_CLASS = YES_ERROR;
				CLANG_WARN_QUOTED_INCLUDE_IN_FRAMEWORK_HEADER = YES;
				CLANG_WARN_RANGE_LOOP_ANALYSIS = YES;
				CLANG_WARN_STRICT_PROTOTYPES = YES;
				CLANG_WARN_SUSPICIOUS_MOVE = YES;
				CLANG_WARN_UNGUARDED_AVAILABILITY = YES_AGGRESSIVE;
				CLANG_WARN_UNREACHABLE_CODE = YES;
				CLANG_WARN__DUPLICATE_METHOD_MATCH = YES;
				COPY_PHASE_STRIP = NO;
				DEBUG_INFORMATION_FORMAT = "dwarf-with-dsym";
				ENABLE_NS_ASSERTIONS = NO;
				ENABLE_STRICT_OBJC_MSGSEND = YES;
				GCC_C_LANGUAGE_STANDARD = gnu11;
				GCC_NO_COMMON_BLOCKS = YES;
				GCC_WARN_64_TO_32_BIT_CONVERSION = YES;
				GCC_WARN_ABOUT_RETURN_TYPE = YES_ERROR;
				GCC_WARN_UNDECLARED_SELECTOR = YES;
				GCC_WARN_UNINITIALIZED_AUTOS = YES_AGGRESSIVE;
				GCC_WARN_UNUSED_FUNCTION = YES;
				GCC_WARN_UNUSED_VARIABLE = YES;
				IPHONEOS_DEPLOYMENT_TARGET = 15.5;
				MTL_ENABLE_DEBUG_INFO = NO;
				MTL_FAST_MATH = YES;
				SDKROOT = iphoneos;
				SWIFT_COMPILATION_MODE = wholemodule;
				SWIFT_OPTIMIZATION_LEVEL = "-O";
				VALIDATE_PRODUCT = YES;
			};
			name = Release;
		};
		00F87D302889B114007EECDE /* Debug */ = {
			isa = XCBuildConfiguration;
			buildSettings = {
				ASSETCATALOG_COMPILER_APPICON_NAME = AppIcon;
				ASSETCATALOG_COMPILER_GLOBAL_ACCENT_COLOR_NAME = AccentColor;
				CODE_SIGN_STYLE = Automatic;
				CURRENT_PROJECT_VERSION = 1;
				DEVELOPMENT_TEAM = W9FSXFWG34;
				GENERATE_INFOPLIST_FILE = YES;
				INFOPLIST_FILE = "WeatherYandexAppTestForJob/Supporting fiels/Info.plist";
				INFOPLIST_KEY_UIApplicationSupportsIndirectInputEvents = YES;
				INFOPLIST_KEY_UILaunchStoryboardName = LaunchScreen;
				INFOPLIST_KEY_UIMainStoryboardFile = Main;
				INFOPLIST_KEY_UISupportedInterfaceOrientations_iPad = "UIInterfaceOrientationPortrait UIInterfaceOrientationPortraitUpsideDown UIInterfaceOrientationLandscapeLeft UIInterfaceOrientationLandscapeRight";
				INFOPLIST_KEY_UISupportedInterfaceOrientations_iPhone = "UIInterfaceOrientationPortrait UIInterfaceOrientationLandscapeLeft UIInterfaceOrientationLandscapeRight";
				LD_RUNPATH_SEARCH_PATHS = (
					"$(inherited)",
					"@executable_path/Frameworks",
				);
				MARKETING_VERSION = 1.0;
				PRODUCT_BUNDLE_IDENTIFIER = com.artem.WeatherYandexAppTestForJob;
				PRODUCT_NAME = "$(TARGET_NAME)";
				SWIFT_EMIT_LOC_STRINGS = YES;
				SWIFT_VERSION = 5.0;
				TARGETED_DEVICE_FAMILY = "1,2";
			};
			name = Debug;
		};
		00F87D312889B114007EECDE /* Release */ = {
			isa = XCBuildConfiguration;
			buildSettings = {
				ASSETCATALOG_COMPILER_APPICON_NAME = AppIcon;
				ASSETCATALOG_COMPILER_GLOBAL_ACCENT_COLOR_NAME = AccentColor;
				CODE_SIGN_STYLE = Automatic;
				CURRENT_PROJECT_VERSION = 1;
				DEVELOPMENT_TEAM = W9FSXFWG34;
				GENERATE_INFOPLIST_FILE = YES;
				INFOPLIST_FILE = "WeatherYandexAppTestForJob/Supporting fiels/Info.plist";
				INFOPLIST_KEY_UIApplicationSupportsIndirectInputEvents = YES;
				INFOPLIST_KEY_UILaunchStoryboardName = LaunchScreen;
				INFOPLIST_KEY_UIMainStoryboardFile = Main;
				INFOPLIST_KEY_UISupportedInterfaceOrientations_iPad = "UIInterfaceOrientationPortrait UIInterfaceOrientationPortraitUpsideDown UIInterfaceOrientationLandscapeLeft UIInterfaceOrientationLandscapeRight";
				INFOPLIST_KEY_UISupportedInterfaceOrientations_iPhone = "UIInterfaceOrientationPortrait UIInterfaceOrientationLandscapeLeft UIInterfaceOrientationLandscapeRight";
				LD_RUNPATH_SEARCH_PATHS = (
					"$(inherited)",
					"@executable_path/Frameworks",
				);
				MARKETING_VERSION = 1.0;
				PRODUCT_BUNDLE_IDENTIFIER = com.artem.WeatherYandexAppTestForJob;
				PRODUCT_NAME = "$(TARGET_NAME)";
				SWIFT_EMIT_LOC_STRINGS = YES;
				SWIFT_VERSION = 5.0;
				TARGETED_DEVICE_FAMILY = "1,2";
			};
			name = Release;
		};
/* End XCBuildConfiguration section */

/* Begin XCConfigurationList section */
		00F87D162889B113007EECDE /* Build configuration list for PBXProject "WeatherYandexAppTestForJob" */ = {
			isa = XCConfigurationList;
			buildConfigurations = (
				00F87D2D2889B114007EECDE /* Debug */,
				00F87D2E2889B114007EECDE /* Release */,
			);
			defaultConfigurationIsVisible = 0;
			defaultConfigurationName = Release;
		};
		00F87D2F2889B114007EECDE /* Build configuration list for PBXNativeTarget "WeatherYandexAppTestForJob" */ = {
			isa = XCConfigurationList;
			buildConfigurations = (
				00F87D302889B114007EECDE /* Debug */,
				00F87D312889B114007EECDE /* Release */,
			);
			defaultConfigurationIsVisible = 0;
			defaultConfigurationName = Release;
		};
/* End XCConfigurationList section */

/* Begin XCRemoteSwiftPackageReference section */
		00F87D452889E0DF007EECDE /* XCRemoteSwiftPackageReference "SwiftSVG" */ = {
			isa = XCRemoteSwiftPackageReference;
			repositoryURL = "https://github.com/mchoe/SwiftSVG.git";
			requirement = {
				kind = exactVersion;
				version = 2.3.2;
			};
		};
/* End XCRemoteSwiftPackageReference section */

/* Begin XCSwiftPackageProductDependency section */
		00F87D462889E0DF007EECDE /* SwiftSVG */ = {
			isa = XCSwiftPackageProductDependency;
			package = 00F87D452889E0DF007EECDE /* XCRemoteSwiftPackageReference "SwiftSVG" */;
			productName = SwiftSVG;
		};
/* End XCSwiftPackageProductDependency section */
	};
	rootObject = 00F87D132889B113007EECDE /* Project object */;
}
